
Microsoft Visual Studio Solution File, Format Version 12.00
# Visual Studio Version 17
VisualStudioVersion = 17.0.31903.59
MinimumVisualStudioVersion = 10.0.40219.1
Project("{2150E333-8FDC-42A3-9474-1A3956D46DE8}") = "src", "src", "{09A086D8-D6BD-45E8-91F8-C7E7A95BE5F9}"
EndProject
Project("{2150E333-8FDC-42A3-9474-1A3956D46DE8}") = "test", "test", "{E4C1473E-A5AD-4F7E-A8A8-1AB8BD906BFF}"
EndProject
Project("{9A19103F-16F7-4668-BE54-9A1E7A4F7556}") = "Reservation.Domain", "src\Reservation.Domain\Reservation.Domain.csproj", "{4C28C84D-2E05-4518-8498-EC6C3C19F968}"
EndProject
Project("{9A19103F-16F7-4668-BE54-9A1E7A4F7556}") = "Reservation.Application", "src\Reservation.Application\Reservation.Application.csproj", "{0168F98E-0B2A-48CA-920D-D25493511A01}"
EndProject
Project("{FAE04EC0-301F-11D3-BF4B-00C04F79EFBC}") = "Reservation.Infrastructure", "src\Reservation.Infrastructure\Reservation.Infrastructure.csproj", "{E1F6D7ED-E84E-478D-8387-BB41784B1E18}"
EndProject
Global
	GlobalSection(SolutionConfigurationPlatforms) = preSolution
		Debug|Any CPU = Debug|Any CPU
		Release|Any CPU = Release|Any CPU
	EndGlobalSection
	GlobalSection(ProjectConfigurationPlatforms) = postSolution
		{4C28C84D-2E05-4518-8498-EC6C3C19F968}.Debug|Any CPU.ActiveCfg = Debug|Any CPU
		{4C28C84D-2E05-4518-8498-EC6C3C19F968}.Debug|Any CPU.Build.0 = Debug|Any CPU
		{4C28C84D-2E05-4518-8498-EC6C3C19F968}.Release|Any CPU.ActiveCfg = Release|Any CPU
		{4C28C84D-2E05-4518-8498-EC6C3C19F968}.Release|Any CPU.Build.0 = Release|Any CPU
		{0168F98E-0B2A-48CA-920D-D25493511A01}.Debug|Any CPU.ActiveCfg = Debug|Any CPU
		{0168F98E-0B2A-48CA-920D-D25493511A01}.Debug|Any CPU.Build.0 = Debug|Any CPU
		{0168F98E-0B2A-48CA-920D-D25493511A01}.Release|Any CPU.ActiveCfg = Release|Any CPU
		{0168F98E-0B2A-48CA-920D-D25493511A01}.Release|Any CPU.Build.0 = Release|Any CPU
		{E1F6D7ED-E84E-478D-8387-BB41784B1E18}.Debug|Any CPU.ActiveCfg = Debug|Any CPU
		{E1F6D7ED-E84E-478D-8387-BB41784B1E18}.Debug|Any CPU.Build.0 = Debug|Any CPU
		{E1F6D7ED-E84E-478D-8387-BB41784B1E18}.Release|Any CPU.ActiveCfg = Release|Any CPU
		{E1F6D7ED-E84E-478D-8387-BB41784B1E18}.Release|Any CPU.Build.0 = Release|Any CPU
	EndGlobalSection
	GlobalSection(SolutionProperties) = preSolution
		HideSolutionNode = FALSE
	EndGlobalSection
	GlobalSection(NestedProjects) = preSolution
		{4C28C84D-2E05-4518-8498-EC6C3C19F968} = {09A086D8-D6BD-45E8-91F8-C7E7A95BE5F9}
		{0168F98E-0B2A-48CA-920D-D25493511A01} = {09A086D8-D6BD-45E8-91F8-C7E7A95BE5F9}
		{E1F6D7ED-E84E-478D-8387-BB41784B1E18} = {09A086D8-D6BD-45E8-91F8-C7E7A95BE5F9}
	EndGlobalSection
	GlobalSection(ExtensibilityGlobals) = postSolution
		SolutionGuid = {F738AEAA-5896-4C60-9E66-63597475C6C8}
	EndGlobalSection
EndGlobal
